// !$*UTF8*$!
{
	archiveVersion = 1;
	classes = {
	};
	objectVersion = 56;
	objects = {

/* Begin PBXBuildFile section */
		31B743592C8E012A00206354 /* ChooseFastionViewCtroler.swift in Sources */ = {isa = PBXBuildFile; fileRef = 31B743582C8E012A00206354 /* ChooseFastionViewCtroler.swift */; };
		31B7435B2C8E047600206354 /* InGameViewController.swift in Sources */ = {isa = PBXBuildFile; fileRef = 31B7435A2C8E047600206354 /* InGameViewController.swift */; };
		31B7435D2C8E0AA100206354 /* Character.swift in Sources */ = {isa = PBXBuildFile; fileRef = 31B7435C2C8E0AA100206354 /* Character.swift */; };
		31F4271D2C7B3AA20053B70B /* AppDelegate.swift in Sources */ = {isa = PBXBuildFile; fileRef = 31F4271C2C7B3AA20053B70B /* AppDelegate.swift */; };
		31F4271F2C7B3AA20053B70B /* SceneDelegate.swift in Sources */ = {isa = PBXBuildFile; fileRef = 31F4271E2C7B3AA20053B70B /* SceneDelegate.swift */; };
		31F427212C7B3AA20053B70B /* WellcomeViewControler.swift in Sources */ = {isa = PBXBuildFile; fileRef = 31F427202C7B3AA20053B70B /* WellcomeViewControler.swift */; };
		31F427242C7B3AA20053B70B /* Main.storyboard in Resources */ = {isa = PBXBuildFile; fileRef = 31F427222C7B3AA20053B70B /* Main.storyboard */; };
		31F427262C7B3AA30053B70B /* Assets.xcassets in Resources */ = {isa = PBXBuildFile; fileRef = 31F427252C7B3AA30053B70B /* Assets.xcassets */; };
		31F427292C7B3AA30053B70B /* LaunchScreen.storyboard in Resources */ = {isa = PBXBuildFile; fileRef = 31F427272C7B3AA30053B70B /* LaunchScreen.storyboard */; };
		31F427342C7B3AA40053B70B /* PixelWorldTests.swift in Sources */ = {isa = PBXBuildFile; fileRef = 31F427332C7B3AA40053B70B /* PixelWorldTests.swift */; };
		31F4273E2C7B3AA40053B70B /* PixelWorldUITests.swift in Sources */ = {isa = PBXBuildFile; fileRef = 31F4273D2C7B3AA40053B70B /* PixelWorldUITests.swift */; };
		31F427402C7B3AA40053B70B /* PixelWorldUITestsLaunchTests.swift in Sources */ = {isa = PBXBuildFile; fileRef = 31F4273F2C7B3AA40053B70B /* PixelWorldUITestsLaunchTests.swift */; };
		31F4274E2C7B41630053B70B /* CustomButton.swift in Sources */ = {isa = PBXBuildFile; fileRef = 31F4274D2C7B41630053B70B /* CustomButton.swift */; };
/* End PBXBuildFile section */

/* Begin PBXContainerItemProxy section */
		31F427302C7B3AA40053B70B /* PBXContainerItemProxy */ = {
			isa = PBXContainerItemProxy;
			containerPortal = 31F427112C7B3AA20053B70B /* Project object */;
			proxyType = 1;
			remoteGlobalIDString = 31F427182C7B3AA20053B70B;
			remoteInfo = PixelWorld;
		};
		31F4273A2C7B3AA40053B70B /* PBXContainerItemProxy */ = {
			isa = PBXContainerItemProxy;
			containerPortal = 31F427112C7B3AA20053B70B /* Project object */;
			proxyType = 1;
			remoteGlobalIDString = 31F427182C7B3AA20053B70B;
			remoteInfo = PixelWorld;
		};
/* End PBXContainerItemProxy section */

/* Begin PBXFileReference section */
		31B743582C8E012A00206354 /* ChooseFastionViewCtroler.swift */ = {isa = PBXFileReference; lastKnownFileType = sourcecode.swift; path = ChooseFastionViewCtroler.swift; sourceTree = "<group>"; };
		31B7435A2C8E047600206354 /* InGameViewController.swift */ = {isa = PBXFileReference; lastKnownFileType = sourcecode.swift; path = InGameViewController.swift; sourceTree = "<group>"; };
		31B7435C2C8E0AA100206354 /* Character.swift */ = {isa = PBXFileReference; lastKnownFileType = sourcecode.swift; path = Character.swift; sourceTree = "<group>"; };
		31F427192C7B3AA20053B70B /* PixelWorld.app */ = {isa = PBXFileReference; explicitFileType = wrapper.application; includeInIndex = 0; path = PixelWorld.app; sourceTree = BUILT_PRODUCTS_DIR; };
		31F4271C2C7B3AA20053B70B /* AppDelegate.swift */ = {isa = PBXFileReference; lastKnownFileType = sourcecode.swift; path = AppDelegate.swift; sourceTree = "<group>"; };
		31F4271E2C7B3AA20053B70B /* SceneDelegate.swift */ = {isa = PBXFileReference; lastKnownFileType = sourcecode.swift; path = SceneDelegate.swift; sourceTree = "<group>"; };
		31F427202C7B3AA20053B70B /* WellcomeViewControler.swift */ = {isa = PBXFileReference; lastKnownFileType = sourcecode.swift; path = WellcomeViewControler.swift; sourceTree = "<group>"; };
		31F427232C7B3AA20053B70B /* Base */ = {isa = PBXFileReference; lastKnownFileType = file.storyboard; name = Base; path = Base.lproj/Main.storyboard; sourceTree = "<group>"; };
		31F427252C7B3AA30053B70B /* Assets.xcassets */ = {isa = PBXFileReference; lastKnownFileType = folder.assetcatalog; path = Assets.xcassets; sourceTree = "<group>"; };
		31F427282C7B3AA30053B70B /* Base */ = {isa = PBXFileReference; lastKnownFileType = file.storyboard; name = Base; path = Base.lproj/LaunchScreen.storyboard; sourceTree = "<group>"; };
		31F4272A2C7B3AA30053B70B /* Info.plist */ = {isa = PBXFileReference; lastKnownFileType = text.plist.xml; path = Info.plist; sourceTree = "<group>"; };
		31F4272F2C7B3AA40053B70B /* PixelWorldTests.xctest */ = {isa = PBXFileReference; explicitFileType = wrapper.cfbundle; includeInIndex = 0; path = PixelWorldTests.xctest; sourceTree = BUILT_PRODUCTS_DIR; };
		31F427332C7B3AA40053B70B /* PixelWorldTests.swift */ = {isa = PBXFileReference; lastKnownFileType = sourcecode.swift; path = PixelWorldTests.swift; sourceTree = "<group>"; };
		31F427392C7B3AA40053B70B /* PixelWorldUITests.xctest */ = {isa = PBXFileReference; explicitFileType = wrapper.cfbundle; includeInIndex = 0; path = PixelWorldUITests.xctest; sourceTree = BUILT_PRODUCTS_DIR; };
		31F4273D2C7B3AA40053B70B /* PixelWorldUITests.swift */ = {isa = PBXFileReference; lastKnownFileType = sourcecode.swift; path = PixelWorldUITests.swift; sourceTree = "<group>"; };
		31F4273F2C7B3AA40053B70B /* PixelWorldUITestsLaunchTests.swift */ = {isa = PBXFileReference; lastKnownFileType = sourcecode.swift; path = PixelWorldUITestsLaunchTests.swift; sourceTree = "<group>"; };
		31F4274D2C7B41630053B70B /* CustomButton.swift */ = {isa = PBXFileReference; lastKnownFileType = sourcecode.swift; path = CustomButton.swift; sourceTree = "<group>"; };
/* End PBXFileReference section */

/* Begin PBXFrameworksBuildPhase section */
		31F427162C7B3AA20053B70B /* Frameworks */ = {
			isa = PBXFrameworksBuildPhase;
			buildActionMask = 2147483647;
			files = (
			);
			runOnlyForDeploymentPostprocessing = 0;
		};
		31F4272C2C7B3AA40053B70B /* Frameworks */ = {
			isa = PBXFrameworksBuildPhase;
			buildActionMask = 2147483647;
			files = (
			);
			runOnlyForDeploymentPostprocessing = 0;
		};
		31F427362C7B3AA40053B70B /* Frameworks */ = {
			isa = PBXFrameworksBuildPhase;
			buildActionMask = 2147483647;
			files = (
			);
			runOnlyForDeploymentPostprocessing = 0;
		};
/* End PBXFrameworksBuildPhase section */

/* Begin PBXGroup section */
		313AE8D42C8DFA3C00E47CA9 /* Model */ = {
			isa = PBXGroup;
			children = (
				31B7435C2C8E0AA100206354 /* Character.swift */,
			);
			path = Model;
			sourceTree = "<group>";
		};
		313AE8D52C8DFA5F00E47CA9 /* Controler */ = {
			isa = PBXGroup;
			children = (
				31F427202C7B3AA20053B70B /* WellcomeViewControler.swift */,
				31B743582C8E012A00206354 /* ChooseFastionViewCtroler.swift */,
				31B7435A2C8E047600206354 /* InGameViewController.swift */,
			);
			path = Controler;
			sourceTree = "<group>";
		};
		31F427102C7B3AA20053B70B = {
			isa = PBXGroup;
			children = (
				31F4271B2C7B3AA20053B70B /* PixelWorld */,
				31F427322C7B3AA40053B70B /* PixelWorldTests */,
				31F4273C2C7B3AA40053B70B /* PixelWorldUITests */,
				31F4271A2C7B3AA20053B70B /* Products */,
			);
			sourceTree = "<group>";
		};
		31F4271A2C7B3AA20053B70B /* Products */ = {
			isa = PBXGroup;
			children = (
				31F427192C7B3AA20053B70B /* PixelWorld.app */,
				31F4272F2C7B3AA40053B70B /* PixelWorldTests.xctest */,
				31F427392C7B3AA40053B70B /* PixelWorldUITests.xctest */,
			);
			name = Products;
			sourceTree = "<group>";
		};
		31F4271B2C7B3AA20053B70B /* PixelWorld */ = {
			isa = PBXGroup;
			children = (
				313AE8D52C8DFA5F00E47CA9 /* Controler */,
				313AE8D42C8DFA3C00E47CA9 /* Model */,
				31F4274C2C7B40F70053B70B /* VIEW */,
				31F4271C2C7B3AA20053B70B /* AppDelegate.swift */,
				31F4271E2C7B3AA20053B70B /* SceneDelegate.swift */,
				31F427222C7B3AA20053B70B /* Main.storyboard */,
				31F427252C7B3AA30053B70B /* Assets.xcassets */,
				31F427272C7B3AA30053B70B /* LaunchScreen.storyboard */,
				31F4272A2C7B3AA30053B70B /* Info.plist */,
			);
			path = PixelWorld;
			sourceTree = "<group>";
		};
		31F427322C7B3AA40053B70B /* PixelWorldTests */ = {
			isa = PBXGroup;
			children = (
				31F427332C7B3AA40053B70B /* PixelWorldTests.swift */,
			);
			path = PixelWorldTests;
			sourceTree = "<group>";
		};
		31F4273C2C7B3AA40053B70B /* PixelWorldUITests */ = {
			isa = PBXGroup;
			children = (
				31F4273D2C7B3AA40053B70B /* PixelWorldUITests.swift */,
				31F4273F2C7B3AA40053B70B /* PixelWorldUITestsLaunchTests.swift */,
			);
			path = PixelWorldUITests;
			sourceTree = "<group>";
		};
		31F4274C2C7B40F70053B70B /* VIEW */ = {
			isa = PBXGroup;
			children = (
				31F4274D2C7B41630053B70B /* CustomButton.swift */,
			);
			path = VIEW;
			sourceTree = "<group>";
		};
/* End PBXGroup section */

/* Begin PBXNativeTarget section */
		31F427182C7B3AA20053B70B /* PixelWorld */ = {
			isa = PBXNativeTarget;
			buildConfigurationList = 31F427432C7B3AA40053B70B /* Build configuration list for PBXNativeTarget "PixelWorld" */;
			buildPhases = (
				31F427152C7B3AA20053B70B /* Sources */,
				31F427162C7B3AA20053B70B /* Frameworks */,
				31F427172C7B3AA20053B70B /* Resources */,
			);
			buildRules = (
			);
			dependencies = (
			);
			name = PixelWorld;
			productName = PixelWorld;
			productReference = 31F427192C7B3AA20053B70B /* PixelWorld.app */;
			productType = "com.apple.product-type.application";
		};
		31F4272E2C7B3AA40053B70B /* PixelWorldTests */ = {
			isa = PBXNativeTarget;
			buildConfigurationList = 31F427462C7B3AA40053B70B /* Build configuration list for PBXNativeTarget "PixelWorldTests" */;
			buildPhases = (
				31F4272B2C7B3AA40053B70B /* Sources */,
				31F4272C2C7B3AA40053B70B /* Frameworks */,
				31F4272D2C7B3AA40053B70B /* Resources */,
			);
			buildRules = (
			);
			dependencies = (
				31F427312C7B3AA40053B70B /* PBXTargetDependency */,
			);
			name = PixelWorldTests;
			productName = PixelWorldTests;
			productReference = 31F4272F2C7B3AA40053B70B /* PixelWorldTests.xctest */;
			productType = "com.apple.product-type.bundle.unit-test";
		};
		31F427382C7B3AA40053B70B /* PixelWorldUITests */ = {
			isa = PBXNativeTarget;
			buildConfigurationList = 31F427492C7B3AA40053B70B /* Build configuration list for PBXNativeTarget "PixelWorldUITests" */;
			buildPhases = (
				31F427352C7B3AA40053B70B /* Sources */,
				31F427362C7B3AA40053B70B /* Frameworks */,
				31F427372C7B3AA40053B70B /* Resources */,
			);
			buildRules = (
			);
			dependencies = (
				31F4273B2C7B3AA40053B70B /* PBXTargetDependency */,
			);
			name = PixelWorldUITests;
			productName = PixelWorldUITests;
			productReference = 31F427392C7B3AA40053B70B /* PixelWorldUITests.xctest */;
			productType = "com.apple.product-type.bundle.ui-testing";
		};
/* End PBXNativeTarget section */

/* Begin PBXProject section */
		31F427112C7B3AA20053B70B /* Project object */ = {
			isa = PBXProject;
			attributes = {
				BuildIndependentTargetsInParallel = 1;
				LastSwiftUpdateCheck = 1420;
				LastUpgradeCheck = 1420;
				TargetAttributes = {
					31F427182C7B3AA20053B70B = {
						CreatedOnToolsVersion = 14.2;
					};
					31F4272E2C7B3AA40053B70B = {
						CreatedOnToolsVersion = 14.2;
						TestTargetID = 31F427182C7B3AA20053B70B;
					};
					31F427382C7B3AA40053B70B = {
						CreatedOnToolsVersion = 14.2;
						TestTargetID = 31F427182C7B3AA20053B70B;
					};
				};
			};
			buildConfigurationList = 31F427142C7B3AA20053B70B /* Build configuration list for PBXProject "PixelWorld" */;
			compatibilityVersion = "Xcode 14.0";
			developmentRegion = en;
			hasScannedForEncodings = 0;
			knownRegions = (
				en,
				Base,
			);
			mainGroup = 31F427102C7B3AA20053B70B;
			productRefGroup = 31F4271A2C7B3AA20053B70B /* Products */;
			projectDirPath = "";
			projectRoot = "";
			targets = (
				31F427182C7B3AA20053B70B /* PixelWorld */,
				31F4272E2C7B3AA40053B70B /* PixelWorldTests */,
				31F427382C7B3AA40053B70B /* PixelWorldUITests */,
			);
		};
/* End PBXProject section */

/* Begin PBXResourcesBuildPhase section */
		31F427172C7B3AA20053B70B /* Resources */ = {
			isa = PBXResourcesBuildPhase;
			buildActionMask = 2147483647;
			files = (
				31F427292C7B3AA30053B70B /* LaunchScreen.storyboard in Resources */,
				31F427262C7B3AA30053B70B /* Assets.xcassets in Resources */,
				31F427242C7B3AA20053B70B /* Main.storyboard in Resources */,
			);
			runOnlyForDeploymentPostprocessing = 0;
		};
		31F4272D2C7B3AA40053B70B /* Resources */ = {
			isa = PBXResourcesBuildPhase;
			buildActionMask = 2147483647;
			files = (
			);
			runOnlyForDeploymentPostprocessing = 0;
		};
		31F427372C7B3AA40053B70B /* Resources */ = {
			isa = PBXResourcesBuildPhase;
			buildActionMask = 2147483647;
			files = (
			);
			runOnlyForDeploymentPostprocessing = 0;
		};
/* End PBXResourcesBuildPhase section */

/* Begin PBXSourcesBuildPhase section */
		31F427152C7B3AA20053B70B /* Sources */ = {
			isa = PBXSourcesBuildPhase;
			buildActionMask = 2147483647;
			files = (
				31F4274E2C7B41630053B70B /* CustomButton.swift in Sources */,
				31B743592C8E012A00206354 /* ChooseFastionViewCtroler.swift in Sources */,
				31B7435D2C8E0AA100206354 /* Character.swift in Sources */,
				31F427212C7B3AA20053B70B /* WellcomeViewControler.swift in Sources */,
				31B7435B2C8E047600206354 /* InGameViewController.swift in Sources */,
				31F4271D2C7B3AA20053B70B /* AppDelegate.swift in Sources */,
				31F4271F2C7B3AA20053B70B /* SceneDelegate.swift in Sources */,
			);
			runOnlyForDeploymentPostprocessing = 0;
		};
		31F4272B2C7B3AA40053B70B /* Sources */ = {
			isa = PBXSourcesBuildPhase;
			buildActionMask = 2147483647;
			files = (
				31F427342C7B3AA40053B70B /* PixelWorldTests.swift in Sources */,
			);
			runOnlyForDeploymentPostprocessing = 0;
		};
		31F427352C7B3AA40053B70B /* Sources */ = {
			isa = PBXSourcesBuildPhase;
			buildActionMask = 2147483647;
			files = (
				31F427402C7B3AA40053B70B /* PixelWorldUITestsLaunchTests.swift in Sources */,
				31F4273E2C7B3AA40053B70B /* PixelWorldUITests.swift in Sources */,
			);
			runOnlyForDeploymentPostprocessing = 0;
		};
/* End PBXSourcesBuildPhase section */

/* Begin PBXTargetDependency section */
		31F427312C7B3AA40053B70B /* PBXTargetDependency */ = {
			isa = PBXTargetDependency;
			target = 31F427182C7B3AA20053B70B /* PixelWorld */;
			targetProxy = 31F427302C7B3AA40053B70B /* PBXContainerItemProxy */;
		};
		31F4273B2C7B3AA40053B70B /* PBXTargetDependency */ = {
			isa = PBXTargetDependency;
			target = 31F427182C7B3AA20053B70B /* PixelWorld */;
			targetProxy = 31F4273A2C7B3AA40053B70B /* PBXContainerItemProxy */;
		};
/* End PBXTargetDependency section */

/* Begin PBXVariantGroup section */
		31F427222C7B3AA20053B70B /* Main.storyboard */ = {
			isa = PBXVariantGroup;
			children = (
				31F427232C7B3AA20053B70B /* Base */,
			);
			name = Main.storyboard;
			sourceTree = "<group>";
		};
		31F427272C7B3AA30053B70B /* LaunchScreen.storyboard */ = {
			isa = PBXVariantGroup;
			children = (
				31F427282C7B3AA30053B70B /* Base */,
			);
			name = LaunchScreen.storyboard;
			sourceTree = "<group>";
		};
/* End PBXVariantGroup section */

/* Begin XCBuildConfiguration section */
		31F427412C7B3AA40053B70B /* Debug */ = {
			isa = XCBuildConfiguration;
			buildSettings = {
				ALWAYS_SEARCH_USER_PATHS = NO;
				CLANG_ANALYZER_NONNULL = YES;
				CLANG_ANALYZER_NUMBER_OBJECT_CONVERSION = YES_AGGRESSIVE;
				CLANG_CXX_LANGUAGE_STANDARD = "gnu++20";
				CLANG_ENABLE_MODULES = YES;
				CLANG_ENABLE_OBJC_ARC = YES;
				CLANG_ENABLE_OBJC_WEAK = YES;
				CLANG_WARN_BLOCK_CAPTURE_AUTORELEASING = YES;
				CLANG_WARN_BOOL_CONVERSION = YES;
				CLANG_WARN_COMMA = YES;
				CLANG_WARN_CONSTANT_CONVERSION = YES;
				CLANG_WARN_DEPRECATED_OBJC_IMPLEMENTATIONS = YES;
				CLANG_WARN_DIRECT_OBJC_ISA_USAGE = YES_ERROR;
				CLANG_WARN_DOCUMENTATION_COMMENTS = YES;
				CLANG_WARN_EMPTY_BODY = YES;
				CLANG_WARN_ENUM_CONVERSION = YES;
				CLANG_WARN_INFINITE_RECURSION = YES;
				CLANG_WARN_INT_CONVERSION = YES;
				CLANG_WARN_NON_LITERAL_NULL_CONVERSION = YES;
				CLANG_WARN_OBJC_IMPLICIT_RETAIN_SELF = YES;
				CLANG_WARN_OBJC_LITERAL_CONVERSION = YES;
				CLANG_WARN_OBJC_ROOT_CLASS = YES_ERROR;
				CLANG_WARN_QUOTED_INCLUDE_IN_FRAMEWORK_HEADER = YES;
				CLANG_WARN_RANGE_LOOP_ANALYSIS = YES;
				CLANG_WARN_STRICT_PROTOTYPES = YES;
				CLANG_WARN_SUSPICIOUS_MOVE = YES;
				CLANG_WARN_UNGUARDED_AVAILABILITY = YES_AGGRESSIVE;
				CLANG_WARN_UNREACHABLE_CODE = YES;
				CLANG_WARN__DUPLICATE_METHOD_MATCH = YES;
				COPY_PHASE_STRIP = NO;
				DEBUG_INFORMATION_FORMAT = dwarf;
				ENABLE_STRICT_OBJC_MSGSEND = YES;
				ENABLE_TESTABILITY = YES;
				GCC_C_LANGUAGE_STANDARD = gnu11;
				GCC_DYNAMIC_NO_PIC = NO;
				GCC_NO_COMMON_BLOCKS = YES;
				GCC_OPTIMIZATION_LEVEL = 0;
				GCC_PREPROCESSOR_DEFINITIONS = (
					"DEBUG=1",
					"$(inherited)",
				);
				GCC_WARN_64_TO_32_BIT_CONVERSION = YES;
				GCC_WARN_ABOUT_RETURN_TYPE = YES_ERROR;
				GCC_WARN_UNDECLARED_SELECTOR = YES;
				GCC_WARN_UNINITIALIZED_AUTOS = YES_AGGRESSIVE;
				GCC_WARN_UNUSED_FUNCTION = YES;
				GCC_WARN_UNUSED_VARIABLE = YES;
				IPHONEOS_DEPLOYMENT_TARGET = 16.2;
				MTL_ENABLE_DEBUG_INFO = INCLUDE_SOURCE;
				MTL_FAST_MATH = YES;
				ONLY_ACTIVE_ARCH = YES;
				SDKROOT = iphoneos;
				SWIFT_ACTIVE_COMPILATION_CONDITIONS = DEBUG;
				SWIFT_OPTIMIZATION_LEVEL = "-Onone";
			};
			name = Debug;
		};
		31F427422C7B3AA40053B70B /* Release */ = {
			isa = XCBuildConfiguration;
			buildSettings = {
				ALWAYS_SEARCH_USER_PATHS = NO;
				CLANG_ANALYZER_NONNULL = YES;
				CLANG_ANALYZER_NUMBER_OBJECT_CONVERSION = YES_AGGRESSIVE;
				CLANG_CXX_LANGUAGE_STANDARD = "gnu++20";
				CLANG_ENABLE_MODULES = YES;
				CLANG_ENABLE_OBJC_ARC = YES;
				CLANG_ENABLE_OBJC_WEAK = YES;
				CLANG_WARN_BLOCK_CAPTURE_AUTORELEASING = YES;
				CLANG_WARN_BOOL_CONVERSION = YES;
				CLANG_WARN_COMMA = YES;
				CLANG_WARN_CONSTANT_CONVERSION = YES;
				CLANG_WARN_DEPRECATED_OBJC_IMPLEMENTATIONS = YES;
				CLANG_WARN_DIRECT_OBJC_ISA_USAGE = YES_ERROR;
				CLANG_WARN_DOCUMENTATION_COMMENTS = YES;
				CLANG_WARN_EMPTY_BODY = YES;
				CLANG_WARN_ENUM_CONVERSION = YES;
				CLANG_WARN_INFINITE_RECURSION = YES;
				CLANG_WARN_INT_CONVERSION = YES;
				CLANG_WARN_NON_LITERAL_NULL_CONVERSION = YES;
				CLANG_WARN_OBJC_IMPLICIT_RETAIN_SELF = YES;
				CLANG_WARN_OBJC_LITERAL_CONVERSION = YES;
				CLANG_WARN_OBJC_ROOT_CLASS = YES_ERROR;
				CLANG_WARN_QUOTED_INCLUDE_IN_FRAMEWORK_HEADER = YES;
				CLANG_WARN_RANGE_LOOP_ANALYSIS = YES;
				CLANG_WARN_STRICT_PROTOTYPES = YES;
				CLANG_WARN_SUSPICIOUS_MOVE = YES;
				CLANG_WARN_UNGUARDED_AVAILABILITY = YES_AGGRESSIVE;
				CLANG_WARN_UNREACHABLE_CODE = YES;
				CLANG_WARN__DUPLICATE_METHOD_MATCH = YES;
				COPY_PHASE_STRIP = NO;
				DEBUG_INFORMATION_FORMAT = "dwarf-with-dsym";
				ENABLE_NS_ASSERTIONS = NO;
				ENABLE_STRICT_OBJC_MSGSEND = YES;
				GCC_C_LANGUAGE_STANDARD = gnu11;
				GCC_NO_COMMON_BLOCKS = YES;
				GCC_WARN_64_TO_32_BIT_CONVERSION = YES;
				GCC_WARN_ABOUT_RETURN_TYPE = YES_ERROR;
				GCC_WARN_UNDECLARED_SELECTOR = YES;
				GCC_WARN_UNINITIALIZED_AUTOS = YES_AGGRESSIVE;
				GCC_WARN_UNUSED_FUNCTION = YES;
				GCC_WARN_UNUSED_VARIABLE = YES;
				IPHONEOS_DEPLOYMENT_TARGET = 16.2;
				MTL_ENABLE_DEBUG_INFO = NO;
				MTL_FAST_MATH = YES;
				SDKROOT = iphoneos;
				SWIFT_COMPILATION_MODE = wholemodule;
				SWIFT_OPTIMIZATION_LEVEL = "-O";
				VALIDATE_PRODUCT = YES;
			};
			name = Release;
		};
		31F427442C7B3AA40053B70B /* Debug */ = {
			isa = XCBuildConfiguration;
			buildSettings = {
				ASSETCATALOG_COMPILER_APPICON_NAME = AppIcon;
				ASSETCATALOG_COMPILER_GLOBAL_ACCENT_COLOR_NAME = AccentColor;
				CODE_SIGN_STYLE = Automatic;
				CURRENT_PROJECT_VERSION = 1;
				GENERATE_INFOPLIST_FILE = YES;
				INFOPLIST_FILE = PixelWorld/Info.plist;
				INFOPLIST_KEY_UIApplicationSupportsIndirectInputEvents = YES;
				INFOPLIST_KEY_UILaunchStoryboardName = LaunchScreen;
				INFOPLIST_KEY_UIMainStoryboardFile = Main;
				INFOPLIST_KEY_UISupportedInterfaceOrientations_iPad = "UIInterfaceOrientationPortrait UIInterfaceOrientationPortraitUpsideDown UIInterfaceOrientationLandscapeLeft UIInterfaceOrientationLandscapeRight";
				INFOPLIST_KEY_UISupportedInterfaceOrientations_iPhone = "UIInterfaceOrientationPortrait UIInterfaceOrientationLandscapeLeft UIInterfaceOrientationLandscapeRight";
				LD_RUNPATH_SEARCH_PATHS = (
					"$(inherited)",
					"@executable_path/Frameworks",
				);
				MARKETING_VERSION = 1.0;
				PRODUCT_BUNDLE_IDENTIFIER = ThuTra.PixelWorld;
				PRODUCT_NAME = "$(TARGET_NAME)";
				SWIFT_EMIT_LOC_STRINGS = YES;
				SWIFT_VERSION = 5.0;
				TARGETED_DEVICE_FAMILY = "1,2";
			};
			name = Debug;
		};
		31F427452C7B3AA40053B70B /* Release */ = {
			isa = XCBuildConfiguration;
			buildSettings = {
				ASSETCATALOG_COMPILER_APPICON_NAME = AppIcon;
				ASSETCATALOG_COMPILER_GLOBAL_ACCENT_COLOR_NAME = AccentColor;
				CODE_SIGN_STYLE = Automatic;
				CURRENT_PROJECT_VERSION = 1;
				GENERATE_INFOPLIST_FILE = YES;
				INFOPLIST_FILE = PixelWorld/Info.plist;
				INFOPLIST_KEY_UIApplicationSupportsIndirectInputEvents = YES;
				INFOPLIST_KEY_UILaunchStoryboardName = LaunchScreen;
				INFOPLIST_KEY_UIMainStoryboardFile = Main;
				INFOPLIST_KEY_UISupportedInterfaceOrientations_iPad = "UIInterfaceOrientationPortrait UIInterfaceOrientationPortraitUpsideDown UIInterfaceOrientationLandscapeLeft UIInterfaceOrientationLandscapeRight";
				INFOPLIST_KEY_UISupportedInterfaceOrientations_iPhone = "UIInterfaceOrientationPortrait UIInterfaceOrientationLandscapeLeft UIInterfaceOrientationLandscapeRight";
				LD_RUNPATH_SEARCH_PATHS = (
					"$(inherited)",
					"@executable_path/Frameworks",
				);
				MARKETING_VERSION = 1.0;
				PRODUCT_BUNDLE_IDENTIFIER = ThuTra.PixelWorld;
				PRODUCT_NAME = "$(TARGET_NAME)";
				SWIFT_EMIT_LOC_STRINGS = YES;
				SWIFT_VERSION = 5.0;
				TARGETED_DEVICE_FAMILY = "1,2";
			};
			name = Release;
		};
		31F427472C7B3AA40053B70B /* Debug */ = {
			isa = XCBuildConfiguration;
			buildSettings = {
				ALWAYS_EMBED_SWIFT_STANDARD_LIBRARIES = YES;
				BUNDLE_LOADER = "$(TEST_HOST)";
				CODE_SIGN_STYLE = Automatic;
				CURRENT_PROJECT_VERSION = 1;
				GENERATE_INFOPLIST_FILE = YES;
				IPHONEOS_DEPLOYMENT_TARGET = 16.2;
				MARKETING_VERSION = 1.0;
				PRODUCT_BUNDLE_IDENTIFIER = ThuTra.PixelWorldTests;
				PRODUCT_NAME = "$(TARGET_NAME)";
				SWIFT_EMIT_LOC_STRINGS = NO;
				SWIFT_VERSION = 5.0;
				TARGETED_DEVICE_FAMILY = "1,2";
				TEST_HOST = "$(BUILT_PRODUCTS_DIR)/PixelWorld.app/$(BUNDLE_EXECUTABLE_FOLDER_PATH)/PixelWorld";
			};
			name = Debug;
		};
		31F427482C7B3AA40053B70B /* Release */ = {
			isa = XCBuildConfiguration;
			buildSettings = {
				ALWAYS_EMBED_SWIFT_STANDARD_LIBRARIES = YES;
				BUNDLE_LOADER = "$(TEST_HOST)";
				CODE_SIGN_STYLE = Automatic;
				CURRENT_PROJECT_VERSION = 1;
				GENERATE_INFOPLIST_FILE = YES;
				IPHONEOS_DEPLOYMENT_TARGET = 16.2;
				MARKETING_VERSION = 1.0;
				PRODUCT_BUNDLE_IDENTIFIER = ThuTra.PixelWorldTests;
				PRODUCT_NAME = "$(TARGET_NAME)";
				SWIFT_EMIT_LOC_STRINGS = NO;
				SWIFT_VERSION = 5.0;
				TARGETED_DEVICE_FAMILY = "1,2";
				TEST_HOST = "$(BUILT_PRODUCTS_DIR)/PixelWorld.app/$(BUNDLE_EXECUTABLE_FOLDER_PATH)/PixelWorld";
			};
			name = Release;
		};
		31F4274A2C7B3AA40053B70B /* Debug */ = {
			isa = XCBuildConfiguration;
			buildSettings = {
				ALWAYS_EMBED_SWIFT_STANDARD_LIBRARIES = YES;
				CODE_SIGN_STYLE = Automatic;
				CURRENT_PROJECT_VERSION = 1;
				GENERATE_INFOPLIST_FILE = YES;
				MARKETING_VERSION = 1.0;
				PRODUCT_BUNDLE_IDENTIFIER = ThuTra.PixelWorldUITests;
				PRODUCT_NAME = "$(TARGET_NAME)";
				SWIFT_EMIT_LOC_STRINGS = NO;
				SWIFT_VERSION = 5.0;
				TARGETED_DEVICE_FAMILY = "1,2";
				TEST_TARGET_NAME = PixelWorld;
			};
			name = Debug;
		};
		31F4274B2C7B3AA40053B70B /* Release */ = {
			isa = XCBuildConfiguration;
			buildSettings = {
				ALWAYS_EMBED_SWIFT_STANDARD_LIBRARIES = YES;
				CODE_SIGN_STYLE = Automatic;
				CURRENT_PROJECT_VERSION = 1;
				GENERATE_INFOPLIST_FILE = YES;
				MARKETING_VERSION = 1.0;
				PRODUCT_BUNDLE_IDENTIFIER = ThuTra.PixelWorldUITests;
				PRODUCT_NAME = "$(TARGET_NAME)";
				SWIFT_EMIT_LOC_STRINGS = NO;
				SWIFT_VERSION = 5.0;
				TARGETED_DEVICE_FAMILY = "1,2";
				TEST_TARGET_NAME = PixelWorld;
			};
			name = Release;
		};
/* End XCBuildConfiguration section */

/* Begin XCConfigurationList section */
		31F427142C7B3AA20053B70B /* Build configuration list for PBXProject "PixelWorld" */ = {
			isa = XCConfigurationList;
			buildConfigurations = (
				31F427412C7B3AA40053B70B /* Debug */,
				31F427422C7B3AA40053B70B /* Release */,
			);
			defaultConfigurationIsVisible = 0;
			defaultConfigurationName = Release;
		};
		31F427432C7B3AA40053B70B /* Build configuration list for PBXNativeTarget "PixelWorld" */ = {
			isa = XCConfigurationList;
			buildConfigurations = (
				31F427442C7B3AA40053B70B /* Debug */,
				31F427452C7B3AA40053B70B /* Release */,
			);
			defaultConfigurationIsVisible = 0;
			defaultConfigurationName = Release;
		};
		31F427462C7B3AA40053B70B /* Build configuration list for PBXNativeTarget "PixelWorldTests" */ = {
			isa = XCConfigurationList;
			buildConfigurations = (
				31F427472C7B3AA40053B70B /* Debug */,
				31F427482C7B3AA40053B70B /* Release */,
			);
			defaultConfigurationIsVisible = 0;
			defaultConfigurationName = Release;
		};
		31F427492C7B3AA40053B70B /* Build configuration list for PBXNativeTarget "PixelWorldUITests" */ = {
			isa = XCConfigurationList;
			buildConfigurations = (
				31F4274A2C7B3AA40053B70B /* Debug */,
				31F4274B2C7B3AA40053B70B /* Release */,
			);
			defaultConfigurationIsVisible = 0;
			defaultConfigurationName = Release;
		};
/* End XCConfigurationList section */
	};
	rootObject = 31F427112C7B3AA20053B70B /* Project object */;
}
